// !$*UTF8*$!
{
	archiveVersion = 1;
	classes = {
	};
	objectVersion = 46;
	objects = {

/* Begin PBXBuildFile section */
		0728EC2519ECBE5A00F666FD /* jouhou.plist in Resources */ = {isa = PBXBuildFile; fileRef = 0728EC2419ECBE5A00F666FD /* jouhou.plist */; };
		0728EC2719ECCA0300F666FD /* jouhouUzushio.plist in Resources */ = {isa = PBXBuildFile; fileRef = 0728EC2619ECCA0300F666FD /* jouhouUzushio.plist */; };
		0728EC2919ECE52400F666FD /* awaodori.plist in Resources */ = {isa = PBXBuildFile; fileRef = 0728EC2819ECE52400F666FD /* awaodori.plist */; };
		0728EC2B19ECE53E00F666FD /* tsurugisan.plist in Resources */ = {isa = PBXBuildFile; fileRef = 0728EC2A19ECE53E00F666FD /* tsurugisan.plist */; };
		0728EC2D19ECEB8000F666FD /* kazurabashi.plist in Resources */ = {isa = PBXBuildFile; fileRef = 0728EC2C19ECEB8000F666FD /* kazurabashi.plist */; };
		0728EC2F19ECEDCE00F666FD /* sudathi.plist in Resources */ = {isa = PBXBuildFile; fileRef = 0728EC2E19ECEDCE00F666FD /* sudathi.plist */; };
		0728EC3119ECF0BC00F666FD /* narutokintoki.plist in Resources */ = {isa = PBXBuildFile; fileRef = 0728EC3019ECF0BC00F666FD /* narutokintoki.plist */; };
		075DE2A319E5763F0035B78B /* main.m in Sources */ = {isa = PBXBuildFile; fileRef = 075DE2A219E5763F0035B78B /* main.m */; };
		075DE2A619E5763F0035B78B /* AppDelegate.m in Sources */ = {isa = PBXBuildFile; fileRef = 075DE2A519E5763F0035B78B /* AppDelegate.m */; };
		075DE2A919E5763F0035B78B /* ViewController.m in Sources */ = {isa = PBXBuildFile; fileRef = 075DE2A819E5763F0035B78B /* ViewController.m */; };
		075DE2AC19E5763F0035B78B /* Main.storyboard in Resources */ = {isa = PBXBuildFile; fileRef = 075DE2AA19E5763F0035B78B /* Main.storyboard */; };
		075DE2AE19E5763F0035B78B /* Images.xcassets in Resources */ = {isa = PBXBuildFile; fileRef = 075DE2AD19E5763F0035B78B /* Images.xcassets */; };
		075DE2B119E5763F0035B78B /* LaunchScreen.xib in Resources */ = {isa = PBXBuildFile; fileRef = 075DE2AF19E5763F0035B78B /* LaunchScreen.xib */; };
		075DE2BD19E5763F0035B78B /* AttoTokushimaTests.m in Sources */ = {isa = PBXBuildFile; fileRef = 075DE2BC19E5763F0035B78B /* AttoTokushimaTests.m */; };
		075DE2C719E57B270035B78B /* tokushima.png in Resources */ = {isa = PBXBuildFile; fileRef = 075DE2C619E57B270035B78B /* tokushima.png */; };
		075DE2C919E57C380035B78B /* 27cqeHOMRWWhFUFk.jpg in Resources */ = {isa = PBXBuildFile; fileRef = 075DE2C819E57C380035B78B /* 27cqeHOMRWWhFUFk.jpg */; };
		075DE2CB19E5832D0035B78B /* ramen.png in Resources */ = {isa = PBXBuildFile; fileRef = 075DE2CA19E5832D0035B78B /* ramen.png */; };
		075DE2CD19E5876E0035B78B /* 9720eadaf8fb407201a58eb819df4509.png in Resources */ = {isa = PBXBuildFile; fileRef = 075DE2CC19E5876E0035B78B /* 9720eadaf8fb407201a58eb819df4509.png */; };
		075DE2D119E58AF10035B78B /* awa.gif in Resources */ = {isa = PBXBuildFile; fileRef = 075DE2D019E58AF10035B78B /* awa.gif */; };
		075DE2D319E610C80035B78B /* 224_0012_L.png in Resources */ = {isa = PBXBuildFile; fileRef = 075DE2D219E610C80035B78B /* 224_0012_L.png */; };
		075DE2D519E612000035B78B /* 060420naruto_uzu_1.png in Resources */ = {isa = PBXBuildFile; fileRef = 075DE2D419E612000035B78B /* 060420naruto_uzu_1.png */; };
		075DE2D719E6133E0035B78B /* 1-C-IST241.png in Resources */ = {isa = PBXBuildFile; fileRef = 075DE2D619E6133E0035B78B /* 1-C-IST241.png */; };
		075DE2DB19E614700035B78B /* narutokintoki.png in Resources */ = {isa = PBXBuildFile; fileRef = 075DE2DA19E614700035B78B /* narutokintoki.png */; };
		0778AFDD19E64DC60062A57C /* tsurugi.gif in Resources */ = {isa = PBXBuildFile; fileRef = 0778AFDC19E64DC60062A57C /* tsurugi.gif */; };
		07862A1719EB8F5200450B41 /* getInstagramAPI.m in Sources */ = {isa = PBXBuildFile; fileRef = 07862A1619EB8F5200450B41 /* getInstagramAPI.m */; };
		07EB92B919EC09B30066FD46 /* showPicture.m in Sources */ = {isa = PBXBuildFile; fileRef = 07EB92B819EC09B30066FD46 /* showPicture.m */; };
/* End PBXBuildFile section */

/* Begin PBXContainerItemProxy section */
		075DE2B719E5763F0035B78B /* PBXContainerItemProxy */ = {
			isa = PBXContainerItemProxy;
			containerPortal = 075DE29519E5763F0035B78B /* Project object */;
			proxyType = 1;
			remoteGlobalIDString = 075DE29C19E5763F0035B78B;
			remoteInfo = AttoTokushima;
		};
/* End PBXContainerItemProxy section */

/* Begin PBXFileReference section */
		0728EC2419ECBE5A00F666FD /* jouhou.plist */ = {isa = PBXFileReference; fileEncoding = 4; lastKnownFileType = text.plist.xml; name = jouhou.plist; path = ../jouhou.plist; sourceTree = "<group>"; };
		0728EC2619ECCA0300F666FD /* jouhouUzushio.plist */ = {isa = PBXFileReference; fileEncoding = 4; lastKnownFileType = text.plist.xml; name = jouhouUzushio.plist; path = ../jouhouUzushio.plist; sourceTree = "<group>"; };
		0728EC2819ECE52400F666FD /* awaodori.plist */ = {isa = PBXFileReference; fileEncoding = 4; lastKnownFileType = text.plist.xml; path = awaodori.plist; sourceTree = "<group>"; };
		0728EC2A19ECE53E00F666FD /* tsurugisan.plist */ = {isa = PBXFileReference; fileEncoding = 4; lastKnownFileType = text.plist.xml; path = tsurugisan.plist; sourceTree = "<group>"; };
		0728EC2C19ECEB8000F666FD /* kazurabashi.plist */ = {isa = PBXFileReference; fileEncoding = 4; lastKnownFileType = text.plist.xml; path = kazurabashi.plist; sourceTree = "<group>"; };
		0728EC2E19ECEDCE00F666FD /* sudathi.plist */ = {isa = PBXFileReference; fileEncoding = 4; lastKnownFileType = text.plist.xml; path = sudathi.plist; sourceTree = "<group>"; };
		0728EC3019ECF0BC00F666FD /* narutokintoki.plist */ = {isa = PBXFileReference; fileEncoding = 4; lastKnownFileType = text.plist.xml; path = narutokintoki.plist; sourceTree = "<group>"; };
		075DE29D19E5763F0035B78B /* AttoTokushima.app */ = {isa = PBXFileReference; explicitFileType = wrapper.application; includeInIndex = 0; path = AttoTokushima.app; sourceTree = BUILT_PRODUCTS_DIR; };
		075DE2A119E5763F0035B78B /* Info.plist */ = {isa = PBXFileReference; lastKnownFileType = text.plist.xml; path = Info.plist; sourceTree = "<group>"; };
		075DE2A219E5763F0035B78B /* main.m */ = {isa = PBXFileReference; lastKnownFileType = sourcecode.c.objc; path = main.m; sourceTree = "<group>"; };
		075DE2A419E5763F0035B78B /* AppDelegate.h */ = {isa = PBXFileReference; lastKnownFileType = sourcecode.c.h; path = AppDelegate.h; sourceTree = "<group>"; };
		075DE2A519E5763F0035B78B /* AppDelegate.m */ = {isa = PBXFileReference; lastKnownFileType = sourcecode.c.objc; path = AppDelegate.m; sourceTree = "<group>"; };
		075DE2A719E5763F0035B78B /* ViewController.h */ = {isa = PBXFileReference; lastKnownFileType = sourcecode.c.h; path = ViewController.h; sourceTree = "<group>"; };
		075DE2A819E5763F0035B78B /* ViewController.m */ = {isa = PBXFileReference; lastKnownFileType = sourcecode.c.objc; path = ViewController.m; sourceTree = "<group>"; };
		075DE2AB19E5763F0035B78B /* Base */ = {isa = PBXFileReference; lastKnownFileType = file.storyboard; name = Base; path = Base.lproj/Main.storyboard; sourceTree = "<group>"; };
		075DE2AD19E5763F0035B78B /* Images.xcassets */ = {isa = PBXFileReference; lastKnownFileType = folder.assetcatalog; path = Images.xcassets; sourceTree = "<group>"; };
		075DE2B019E5763F0035B78B /* Base */ = {isa = PBXFileReference; lastKnownFileType = file.xib; name = Base; path = Base.lproj/LaunchScreen.xib; sourceTree = "<group>"; };
		075DE2B619E5763F0035B78B /* AttoTokushimaTests.xctest */ = {isa = PBXFileReference; explicitFileType = wrapper.cfbundle; includeInIndex = 0; path = AttoTokushimaTests.xctest; sourceTree = BUILT_PRODUCTS_DIR; };
		075DE2BB19E5763F0035B78B /* Info.plist */ = {isa = PBXFileReference; lastKnownFileType = text.plist.xml; path = Info.plist; sourceTree = "<group>"; };
		075DE2BC19E5763F0035B78B /* AttoTokushimaTests.m */ = {isa = PBXFileReference; lastKnownFileType = sourcecode.c.objc; path = AttoTokushimaTests.m; sourceTree = "<group>"; };
		075DE2C619E57B270035B78B /* tokushima.png */ = {isa = PBXFileReference; lastKnownFileType = image.png; path = tokushima.png; sourceTree = "<group>"; };
		075DE2C819E57C380035B78B /* 27cqeHOMRWWhFUFk.jpg */ = {isa = PBXFileReference; lastKnownFileType = image.jpeg; path = 27cqeHOMRWWhFUFk.jpg; sourceTree = "<group>"; };
		075DE2CA19E5832D0035B78B /* ramen.png */ = {isa = PBXFileReference; lastKnownFileType = image.png; path = ramen.png; sourceTree = "<group>"; };
		075DE2CC19E5876E0035B78B /* 9720eadaf8fb407201a58eb819df4509.png */ = {isa = PBXFileReference; lastKnownFileType = image.png; path = 9720eadaf8fb407201a58eb819df4509.png; sourceTree = "<group>"; };
		075DE2D019E58AF10035B78B /* awa.gif */ = {isa = PBXFileReference; lastKnownFileType = image.gif; path = awa.gif; sourceTree = "<group>"; };
		075DE2D219E610C80035B78B /* 224_0012_L.png */ = {isa = PBXFileReference; lastKnownFileType = image.png; path = 224_0012_L.png; sourceTree = "<group>"; };
		075DE2D419E612000035B78B /* 060420naruto_uzu_1.png */ = {isa = PBXFileReference; lastKnownFileType = image.png; path = 060420naruto_uzu_1.png; sourceTree = "<group>"; };
		075DE2D619E6133E0035B78B /* 1-C-IST241.png */ = {isa = PBXFileReference; lastKnownFileType = image.png; path = "1-C-IST241.png"; sourceTree = "<group>"; };
		075DE2DA19E614700035B78B /* narutokintoki.png */ = {isa = PBXFileReference; lastKnownFileType = image.png; path = narutokintoki.png; sourceTree = "<group>"; };
		0778AFDC19E64DC60062A57C /* tsurugi.gif */ = {isa = PBXFileReference; lastKnownFileType = image.gif; path = tsurugi.gif; sourceTree = "<group>"; };
		07862A1519EB8F5200450B41 /* getInstagramAPI.h */ = {isa = PBXFileReference; fileEncoding = 4; lastKnownFileType = sourcecode.c.h; path = getInstagramAPI.h; sourceTree = "<group>"; };
		07862A1619EB8F5200450B41 /* getInstagramAPI.m */ = {isa = PBXFileReference; fileEncoding = 4; lastKnownFileType = sourcecode.c.objc; path = getInstagramAPI.m; sourceTree = "<group>"; };
		07EB92B719EC09B30066FD46 /* showPicture.h */ = {isa = PBXFileReference; fileEncoding = 4; lastKnownFileType = sourcecode.c.h; path = showPicture.h; sourceTree = "<group>"; };
		07EB92B819EC09B30066FD46 /* showPicture.m */ = {isa = PBXFileReference; fileEncoding = 4; lastKnownFileType = sourcecode.c.objc; path = showPicture.m; sourceTree = "<group>"; };
/* End PBXFileReference section */

/* Begin PBXFrameworksBuildPhase section */
		075DE29A19E5763F0035B78B /* Frameworks */ = {
			isa = PBXFrameworksBuildPhase;
			buildActionMask = 2147483647;
			files = (
			);
			runOnlyForDeploymentPostprocessing = 0;
		};
		075DE2B319E5763F0035B78B /* Frameworks */ = {
			isa = PBXFrameworksBuildPhase;
			buildActionMask = 2147483647;
			files = (
			);
			runOnlyForDeploymentPostprocessing = 0;
		};
/* End PBXFrameworksBuildPhase section */

/* Begin PBXGroup section */
		075DE29419E5763F0035B78B = {
			isa = PBXGroup;
			children = (
				075DE29F19E5763F0035B78B /* AttoTokushima */,
				075DE2B919E5763F0035B78B /* AttoTokushimaTests */,
				075DE29E19E5763F0035B78B /* Products */,
			);
			sourceTree = "<group>";
		};
		075DE29E19E5763F0035B78B /* Products */ = {
			isa = PBXGroup;
			children = (
				075DE29D19E5763F0035B78B /* AttoTokushima.app */,
				075DE2B619E5763F0035B78B /* AttoTokushimaTests.xctest */,
			);
			name = Products;
			sourceTree = "<group>";
		};
		075DE29F19E5763F0035B78B /* AttoTokushima */ = {
			isa = PBXGroup;
			children = (
				075DE2A419E5763F0035B78B /* AppDelegate.h */,
				075DE2A519E5763F0035B78B /* AppDelegate.m */,
				075DE2A719E5763F0035B78B /* ViewController.h */,
				075DE2A819E5763F0035B78B /* ViewController.m */,
				075DE2AA19E5763F0035B78B /* Main.storyboard */,
				07862A1519EB8F5200450B41 /* getInstagramAPI.h */,
				07862A1619EB8F5200450B41 /* getInstagramAPI.m */,
				07EB92B719EC09B30066FD46 /* showPicture.h */,
				07EB92B819EC09B30066FD46 /* showPicture.m */,
				075DE2AD19E5763F0035B78B /* Images.xcassets */,
				075DE2AF19E5763F0035B78B /* LaunchScreen.xib */,
				075DE2A019E5763F0035B78B /* Supporting Files */,
			);
			path = AttoTokushima;
			sourceTree = "<group>";
		};
		075DE2A019E5763F0035B78B /* Supporting Files */ = {
			isa = PBXGroup;
			children = (
				0728EC2419ECBE5A00F666FD /* jouhou.plist */,
				0728EC2619ECCA0300F666FD /* jouhouUzushio.plist */,
				0728EC2A19ECE53E00F666FD /* tsurugisan.plist */,
				0728EC2819ECE52400F666FD /* awaodori.plist */,
				0728EC2C19ECEB8000F666FD /* kazurabashi.plist */,
				0728EC2E19ECEDCE00F666FD /* sudathi.plist */,
				0728EC3019ECF0BC00F666FD /* narutokintoki.plist */,
				0778AFDC19E64DC60062A57C /* tsurugi.gif */,
				075DE2DA19E614700035B78B /* narutokintoki.png */,
				075DE2D619E6133E0035B78B /* 1-C-IST241.png */,
				075DE2D419E612000035B78B /* 060420naruto_uzu_1.png */,
				075DE2D219E610C80035B78B /* 224_0012_L.png */,
				075DE2D019E58AF10035B78B /* awa.gif */,
				075DE2CC19E5876E0035B78B /* 9720eadaf8fb407201a58eb819df4509.png */,
				075DE2CA19E5832D0035B78B /* ramen.png */,
				075DE2C819E57C380035B78B /* 27cqeHOMRWWhFUFk.jpg */,
				075DE2C619E57B270035B78B /* tokushima.png */,
				075DE2A119E5763F0035B78B /* Info.plist */,
				075DE2A219E5763F0035B78B /* main.m */,
			);
			name = "Supporting Files";
			sourceTree = "<group>";
		};
		075DE2B919E5763F0035B78B /* AttoTokushimaTests */ = {
			isa = PBXGroup;
			children = (
				075DE2BC19E5763F0035B78B /* AttoTokushimaTests.m */,
				075DE2BA19E5763F0035B78B /* Supporting Files */,
			);
			path = AttoTokushimaTests;
			sourceTree = "<group>";
		};
		075DE2BA19E5763F0035B78B /* Supporting Files */ = {
			isa = PBXGroup;
			children = (
				075DE2BB19E5763F0035B78B /* Info.plist */,
			);
			name = "Supporting Files";
			sourceTree = "<group>";
		};
/* End PBXGroup section */

/* Begin PBXNativeTarget section */
		075DE29C19E5763F0035B78B /* AttoTokushima */ = {
			isa = PBXNativeTarget;
			buildConfigurationList = 075DE2C019E5763F0035B78B /* Build configuration list for PBXNativeTarget "AttoTokushima" */;
			buildPhases = (
				075DE29919E5763F0035B78B /* Sources */,
				075DE29A19E5763F0035B78B /* Frameworks */,
				075DE29B19E5763F0035B78B /* Resources */,
			);
			buildRules = (
			);
			dependencies = (
			);
			name = AttoTokushima;
			productName = AttoTokushima;
			productReference = 075DE29D19E5763F0035B78B /* AttoTokushima.app */;
			productType = "com.apple.product-type.application";
		};
		075DE2B519E5763F0035B78B /* AttoTokushimaTests */ = {
			isa = PBXNativeTarget;
			buildConfigurationList = 075DE2C319E5763F0035B78B /* Build configuration list for PBXNativeTarget "AttoTokushimaTests" */;
			buildPhases = (
				075DE2B219E5763F0035B78B /* Sources */,
				075DE2B319E5763F0035B78B /* Frameworks */,
				075DE2B419E5763F0035B78B /* Resources */,
			);
			buildRules = (
			);
			dependencies = (
				075DE2B819E5763F0035B78B /* PBXTargetDependency */,
			);
			name = AttoTokushimaTests;
			productName = AttoTokushimaTests;
			productReference = 075DE2B619E5763F0035B78B /* AttoTokushimaTests.xctest */;
			productType = "com.apple.product-type.bundle.unit-test";
		};
/* End PBXNativeTarget section */

/* Begin PBXProject section */
		075DE29519E5763F0035B78B /* Project object */ = {
			isa = PBXProject;
			attributes = {
				LastUpgradeCheck = 0600;
				ORGANIZATIONNAME = "ビザンコムマック０４";
				TargetAttributes = {
					075DE29C19E5763F0035B78B = {
						CreatedOnToolsVersion = 6.0.1;
					};
					075DE2B519E5763F0035B78B = {
						CreatedOnToolsVersion = 6.0.1;
						TestTargetID = 075DE29C19E5763F0035B78B;
					};
				};
			};
			buildConfigurationList = 075DE29819E5763F0035B78B /* Build configuration list for PBXProject "AttoTokushima" */;
			compatibilityVersion = "Xcode 3.2";
			developmentRegion = English;
			hasScannedForEncodings = 0;
			knownRegions = (
				en,
				Base,
			);
			mainGroup = 075DE29419E5763F0035B78B;
			productRefGroup = 075DE29E19E5763F0035B78B /* Products */;
			projectDirPath = "";
			projectRoot = "";
			targets = (
				075DE29C19E5763F0035B78B /* AttoTokushima */,
				075DE2B519E5763F0035B78B /* AttoTokushimaTests */,
			);
		};
/* End PBXProject section */

/* Begin PBXResourcesBuildPhase section */
		075DE29B19E5763F0035B78B /* Resources */ = {
			isa = PBXResourcesBuildPhase;
			buildActionMask = 2147483647;
			files = (
				075DE2D119E58AF10035B78B /* awa.gif in Resources */,
				075DE2AC19E5763F0035B78B /* Main.storyboard in Resources */,
				0728EC2F19ECEDCE00F666FD /* sudathi.plist in Resources */,
				0778AFDD19E64DC60062A57C /* tsurugi.gif in Resources */,
				0728EC2719ECCA0300F666FD /* jouhouUzushio.plist in Resources */,
				075DE2CB19E5832D0035B78B /* ramen.png in Resources */,
				075DE2C719E57B270035B78B /* tokushima.png in Resources */,
				0728EC3119ECF0BC00F666FD /* narutokintoki.plist in Resources */,
				075DE2C919E57C380035B78B /* 27cqeHOMRWWhFUFk.jpg in Resources */,
				075DE2B119E5763F0035B78B /* LaunchScreen.xib in Resources */,
				075DE2D719E6133E0035B78B /* 1-C-IST241.png in Resources */,
				075DE2D519E612000035B78B /* 060420naruto_uzu_1.png in Resources */,
				075DE2AE19E5763F0035B78B /* Images.xcassets in Resources */,
				075DE2CD19E5876E0035B78B /* 9720eadaf8fb407201a58eb819df4509.png in Resources */,
				075DE2D319E610C80035B78B /* 224_0012_L.png in Resources */,
				0728EC2519ECBE5A00F666FD /* jouhou.plist in Resources */,
				0728EC2D19ECEB8000F666FD /* kazurabashi.plist in Resources */,
				0728EC2919ECE52400F666FD /* awaodori.plist in Resources */,
				0728EC2B19ECE53E00F666FD /* tsurugisan.plist in Resources */,
				075DE2DB19E614700035B78B /* narutokintoki.png in Resources */,
			);
			runOnlyForDeploymentPostprocessing = 0;
		};
		075DE2B419E5763F0035B78B /* Resources */ = {
			isa = PBXResourcesBuildPhase;
			buildActionMask = 2147483647;
			files = (
			);
			runOnlyForDeploymentPostprocessing = 0;
		};
/* End PBXResourcesBuildPhase section */

/* Begin PBXSourcesBuildPhase section */
		075DE29919E5763F0035B78B /* Sources */ = {
			isa = PBXSourcesBuildPhase;
			buildActionMask = 2147483647;
			files = (
				075DE2A919E5763F0035B78B /* ViewController.m in Sources */,
				07862A1719EB8F5200450B41 /* getInstagramAPI.m in Sources */,
				07EB92B919EC09B30066FD46 /* showPicture.m in Sources */,
				075DE2A619E5763F0035B78B /* AppDelegate.m in Sources */,
				075DE2A319E5763F0035B78B /* main.m in Sources */,
			);
			runOnlyForDeploymentPostprocessing = 0;
		};
		075DE2B219E5763F0035B78B /* Sources */ = {
			isa = PBXSourcesBuildPhase;
			buildActionMask = 2147483647;
			files = (
				075DE2BD19E5763F0035B78B /* AttoTokushimaTests.m in Sources */,
			);
			runOnlyForDeploymentPostprocessing = 0;
		};
/* End PBXSourcesBuildPhase section */

/* Begin PBXTargetDependency section */
		075DE2B819E5763F0035B78B /* PBXTargetDependency */ = {
			isa = PBXTargetDependency;
			target = 075DE29C19E5763F0035B78B /* AttoTokushima */;
			targetProxy = 075DE2B719E5763F0035B78B /* PBXContainerItemProxy */;
		};
/* End PBXTargetDependency section */

/* Begin PBXVariantGroup section */
		075DE2AA19E5763F0035B78B /* Main.storyboard */ = {
			isa = PBXVariantGroup;
			children = (
				075DE2AB19E5763F0035B78B /* Base */,
			);
			name = Main.storyboard;
			sourceTree = "<group>";
		};
		075DE2AF19E5763F0035B78B /* LaunchScreen.xib */ = {
			isa = PBXVariantGroup;
			children = (
				075DE2B019E5763F0035B78B /* Base */,
			);
			name = LaunchScreen.xib;
			sourceTree = "<group>";
		};
/* End PBXVariantGroup section */

/* Begin XCBuildConfiguration section */
		075DE2BE19E5763F0035B78B /* Debug */ = {
			isa = XCBuildConfiguration;
			buildSettings = {
				ALWAYS_SEARCH_USER_PATHS = NO;
				CLANG_CXX_LANGUAGE_STANDARD = "gnu++0x";
				CLANG_CXX_LIBRARY = "libc++";
				CLANG_ENABLE_MODULES = YES;
				CLANG_ENABLE_OBJC_ARC = YES;
				CLANG_WARN_BOOL_CONVERSION = YES;
				CLANG_WARN_CONSTANT_CONVERSION = YES;
				CLANG_WARN_DIRECT_OBJC_ISA_USAGE = YES_ERROR;
				CLANG_WARN_EMPTY_BODY = YES;
				CLANG_WARN_ENUM_CONVERSION = YES;
				CLANG_WARN_INT_CONVERSION = YES;
				CLANG_WARN_OBJC_ROOT_CLASS = YES_ERROR;
				CLANG_WARN_UNREACHABLE_CODE = YES;
				CLANG_WARN__DUPLICATE_METHOD_MATCH = YES;
				"CODE_SIGN_IDENTITY[sdk=iphoneos*]" = "iPhone Developer";
				COPY_PHASE_STRIP = NO;
				ENABLE_STRICT_OBJC_MSGSEND = YES;
				GCC_C_LANGUAGE_STANDARD = gnu99;
				GCC_DYNAMIC_NO_PIC = NO;
				GCC_OPTIMIZATION_LEVEL = 0;
				GCC_PREPROCESSOR_DEFINITIONS = (
					"DEBUG=1",
					"$(inherited)",
				);
				GCC_SYMBOLS_PRIVATE_EXTERN = NO;
				GCC_WARN_64_TO_32_BIT_CONVERSION = YES;
				GCC_WARN_ABOUT_RETURN_TYPE = YES_ERROR;
				GCC_WARN_UNDECLARED_SELECTOR = YES;
				GCC_WARN_UNINITIALIZED_AUTOS = YES_AGGRESSIVE;
				GCC_WARN_UNUSED_FUNCTION = YES;
				GCC_WARN_UNUSED_VARIABLE = YES;
				IPHONEOS_DEPLOYMENT_TARGET = 8.0;
				MTL_ENABLE_DEBUG_INFO = YES;
				ONLY_ACTIVE_ARCH = YES;
				SDKROOT = iphoneos;
			};
			name = Debug;
		};
		075DE2BF19E5763F0035B78B /* Release */ = {
			isa = XCBuildConfiguration;
			buildSettings = {
				ALWAYS_SEARCH_USER_PATHS = NO;
				CLANG_CXX_LANGUAGE_STANDARD = "gnu++0x";
				CLANG_CXX_LIBRARY = "libc++";
				CLANG_ENABLE_MODULES = YES;
				CLANG_ENABLE_OBJC_ARC = YES;
				CLANG_WARN_BOOL_CONVERSION = YES;
				CLANG_WARN_CONSTANT_CONVERSION = YES;
				CLANG_WARN_DIRECT_OBJC_ISA_USAGE = YES_ERROR;
				CLANG_WARN_EMPTY_BODY = YES;
				CLANG_WARN_ENUM_CONVERSION = YES;
				CLANG_WARN_INT_CONVERSION = YES;
				CLANG_WARN_OBJC_ROOT_CLASS = YES_ERROR;
				CLANG_WARN_UNREACHABLE_CODE = YES;
				CLANG_WARN__DUPLICATE_METHOD_MATCH = YES;
				"CODE_SIGN_IDENTITY[sdk=iphoneos*]" = "iPhone Developer";
				COPY_PHASE_STRIP = YES;
				ENABLE_NS_ASSERTIONS = NO;
				ENABLE_STRICT_OBJC_MSGSEND = YES;
				GCC_C_LANGUAGE_STANDARD = gnu99;
				GCC_WARN_64_TO_32_BIT_CONVERSION = YES;
				GCC_WARN_ABOUT_RETURN_TYPE = YES_ERROR;
				GCC_WARN_UNDECLARED_SELECTOR = YES;
				GCC_WARN_UNINITIALIZED_AUTOS = YES_AGGRESSIVE;
				GCC_WARN_UNUSED_FUNCTION = YES;
				GCC_WARN_UNUSED_VARIABLE = YES;
				IPHONEOS_DEPLOYMENT_TARGET = 8.0;
				MTL_ENABLE_DEBUG_INFO = NO;
				SDKROOT = iphoneos;
				VALIDATE_PRODUCT = YES;
			};
			name = Release;
		};
		075DE2C119E5763F0035B78B /* Debug */ = {
			isa = XCBuildConfiguration;
			buildSettings = {
				ASSETCATALOG_COMPILER_APPICON_NAME = AppIcon;
				INFOPLIST_FILE = AttoTokushima/Info.plist;
				LD_RUNPATH_SEARCH_PATHS = "$(inherited) @executable_path/Frameworks";
				PRODUCT_NAME = "$(TARGET_NAME)";
			};
			name = Debug;
		};
		075DE2C219E5763F0035B78B /* Release */ = {
			isa = XCBuildConfiguration;
			buildSettings = {
				ASSETCATALOG_COMPILER_APPICON_NAME = AppIcon;
				INFOPLIST_FILE = AttoTokushima/Info.plist;
				LD_RUNPATH_SEARCH_PATHS = "$(inherited) @executable_path/Frameworks";
				PRODUCT_NAME = "$(TARGET_NAME)";
			};
			name = Release;
		};
		075DE2C419E5763F0035B78B /* Debug */ = {
			isa = XCBuildConfiguration;
			buildSettings = {
				BUNDLE_LOADER = "$(TEST_HOST)";
				FRAMEWORK_SEARCH_PATHS = (
					"$(SDKROOT)/Developer/Library/Frameworks",
					"$(inherited)",
				);
				GCC_PREPROCESSOR_DEFINITIONS = (
					"DEBUG=1",
					"$(inherited)",
				);
				INFOPLIST_FILE = AttoTokushimaTests/Info.plist;
				LD_RUNPATH_SEARCH_PATHS = "$(inherited) @executable_path/Frameworks @loader_path/Frameworks";
				PRODUCT_NAME = "$(TARGET_NAME)";
				TEST_HOST = "$(BUILT_PRODUCTS_DIR)/AttoTokushima.app/AttoTokushima";
			};
			name = Debug;
		};
		075DE2C519E5763F0035B78B /* Release */ = {
			isa = XCBuildConfiguration;
			buildSettings = {
				BUNDLE_LOADER = "$(TEST_HOST)";
				FRAMEWORK_SEARCH_PATHS = (
					"$(SDKROOT)/Developer/Library/Frameworks",
					"$(inherited)",
				);
				INFOPLIST_FILE = AttoTokushimaTests/Info.plist;
				LD_RUNPATH_SEARCH_PATHS = "$(inherited) @executable_path/Frameworks @loader_path/Frameworks";
				PRODUCT_NAME = "$(TARGET_NAME)";
				TEST_HOST = "$(BUILT_PRODUCTS_DIR)/AttoTokushima.app/AttoTokushima";
			};
			name = Release;
		};
/* End XCBuildConfiguration section */

/* Begin XCConfigurationList section */
		075DE29819E5763F0035B78B /* Build configuration list for PBXProject "AttoTokushima" */ = {
			isa = XCConfigurationList;
			buildConfigurations = (
				075DE2BE19E5763F0035B78B /* Debug */,
				075DE2BF19E5763F0035B78B /* Release */,
			);
			defaultConfigurationIsVisible = 0;
			defaultConfigurationName = Release;
		};
		075DE2C019E5763F0035B78B /* Build configuration list for PBXNativeTarget "AttoTokushima" */ = {
			isa = XCConfigurationList;
			buildConfigurations = (
				075DE2C119E5763F0035B78B /* Debug */,
				075DE2C219E5763F0035B78B /* Release */,
			);
			defaultConfigurationIsVisible = 0;
			defaultConfigurationName = Release;
		};
		075DE2C319E5763F0035B78B /* Build configuration list for PBXNativeTarget "AttoTokushimaTests" */ = {
			isa = XCConfigurationList;
			buildConfigurations = (
				075DE2C419E5763F0035B78B /* Debug */,
				075DE2C519E5763F0035B78B /* Release */,
			);
			defaultConfigurationIsVisible = 0;
			defaultConfigurationName = Release;
		};
/* End XCConfigurationList section */
	};
	rootObject = 075DE29519E5763F0035B78B /* Project object */;
}
